name: Update flake.lock
on:
  schedule:
     # 毎月 2 回
    - cron: "0 0 1,15 * *"
  workflow_dispatch:
permissions:
  contents: write
  pull-requests: write
jobs:
  flake:
    name: Update flake.lock
    runs-on: ubuntu-latest
    steps:
      - name: checkout
        uses: actions/checkout@v6
      - name: Install Nix
        uses: DeterminateSystems/determinate-nix-action@v3
      - name: Add Nix cache
        uses: DeterminateSystems/flakehub-cache-action@main
      - name: Check Nixpkgs
        uses: DeterminateSystems/flake-checker-action@main
      - name: Update flake.lock
        uses: DeterminateSystems/update-flake-lock@v28
        with:
          pr-title: "Update flake.lock"
          pr-labels: |
            dependencies
            automated
